
Microsoft Visual Studio Solution File, Format Version 12.00
# Visual Studio Version 17
VisualStudioVersion = 17.9.34728.123
MinimumVisualStudioVersion = 10.0.40219.1
Project("{FAE04EC0-301F-11D3-BF4B-00C04F79EFBC}") = "Star1", "Star1\Star1.csproj", "{7897D8F1-8CA5-454C-BE28-A10181CBC4DA}"
EndProject
Global
	GlobalSection(SolutionConfigurationPlatforms) = preSolution
		Debug|Any CPU = Debug|Any CPU
		Release|Any CPU = Release|Any CPU
	EndGlobalSection
	GlobalSection(ProjectConfigurationPlatforms) = postSolution
		{7897D8F1-8CA5-454C-BE28-A10181CBC4DA}.Debug|Any CPU.ActiveCfg = Debug|Any CPU
		{7897D8F1-8CA5-454C-BE28-A10181CBC4DA}.Debug|Any CPU.Build.0 = Debug|Any CPU
		{7897D8F1-8CA5-454C-BE28-A10181CBC4DA}.Release|Any CPU.ActiveCfg = Release|Any CPU
		{7897D8F1-8CA5-454C-BE28-A10181CBC4DA}.Release|Any CPU.Build.0 = Release|Any CPU
	EndGlobalSection
	GlobalSection(SolutionProperties) = preSolution
		HideSolutionNode = FALSE
	EndGlobalSection
	GlobalSection(ExtensibilityGlobals) = postSolution
		SolutionGuid = {0C222C92-3CA0-430A-8A47-F4E7099208DC}
	EndGlobalSection
EndGlobal
