
Microsoft Visual Studio Solution File, Format Version 12.00
# Visual Studio Version 17
VisualStudioVersion = 17.9.34728.123
MinimumVisualStudioVersion = 10.0.40219.1
Project("{FAE04EC0-301F-11D3-BF4B-00C04F79EFBC}") = "Star1", "Star1\Star1.csproj", "{9725C88A-A749-4A1B-8FB8-0B3C4CB2F11E}"
EndProject
Project("{FAE04EC0-301F-11D3-BF4B-00C04F79EFBC}") = "Star2", "Star2\Star2.csproj", "{42969672-F0B9-42C2-91A0-801179F62B4C}"
EndProject
Global
	GlobalSection(SolutionConfigurationPlatforms) = preSolution
		Debug|Any CPU = Debug|Any CPU
		Release|Any CPU = Release|Any CPU
	EndGlobalSection
	GlobalSection(ProjectConfigurationPlatforms) = postSolution
		{9725C88A-A749-4A1B-8FB8-0B3C4CB2F11E}.Debug|Any CPU.ActiveCfg = Debug|Any CPU
		{9725C88A-A749-4A1B-8FB8-0B3C4CB2F11E}.Debug|Any CPU.Build.0 = Debug|Any CPU
		{9725C88A-A749-4A1B-8FB8-0B3C4CB2F11E}.Release|Any CPU.ActiveCfg = Release|Any CPU
		{9725C88A-A749-4A1B-8FB8-0B3C4CB2F11E}.Release|Any CPU.Build.0 = Release|Any CPU
		{42969672-F0B9-42C2-91A0-801179F62B4C}.Debug|Any CPU.ActiveCfg = Debug|Any CPU
		{42969672-F0B9-42C2-91A0-801179F62B4C}.Debug|Any CPU.Build.0 = Debug|Any CPU
		{42969672-F0B9-42C2-91A0-801179F62B4C}.Release|Any CPU.ActiveCfg = Release|Any CPU
		{42969672-F0B9-42C2-91A0-801179F62B4C}.Release|Any CPU.Build.0 = Release|Any CPU
	EndGlobalSection
	GlobalSection(SolutionProperties) = preSolution
		HideSolutionNode = FALSE
	EndGlobalSection
	GlobalSection(ExtensibilityGlobals) = postSolution
		SolutionGuid = {FA17B77A-5761-475A-83B7-ABDF12A9E055}
	EndGlobalSection
EndGlobal
